
Microsoft Visual Studio Solution File, Format Version 12.00
# Visual Studio Version 17
VisualStudioVersion = 17.3.32922.545
MinimumVisualStudioVersion = 10.0.40219.1
Project("{9A19103F-16F7-4668-BE54-9A1E7A4F7556}") = "CoppelAPI", "CoppelAPI\CoppelAPI.csproj", "{F070600B-BF18-4CC3-A7A0-2DD3AB9C3862}"
EndProject
Project("{FAE04EC0-301F-11D3-BF4B-00C04F79EFBC}") = "CoppelWeb", "CoppelWeb\CoppelWeb.csproj", "{9654A929-2953-4996-963F-B3A062316F81}"
EndProject
Global
	GlobalSection(SolutionConfigurationPlatforms) = preSolution
		Debug|Any CPU = Debug|Any CPU
		Release|Any CPU = Release|Any CPU
	EndGlobalSection
	GlobalSection(ProjectConfigurationPlatforms) = postSolution
		{F070600B-BF18-4CC3-A7A0-2DD3AB9C3862}.Debug|Any CPU.ActiveCfg = Debug|Any CPU
		{F070600B-BF18-4CC3-A7A0-2DD3AB9C3862}.Debug|Any CPU.Build.0 = Debug|Any CPU
		{F070600B-BF18-4CC3-A7A0-2DD3AB9C3862}.Release|Any CPU.ActiveCfg = Release|Any CPU
		{F070600B-BF18-4CC3-A7A0-2DD3AB9C3862}.Release|Any CPU.Build.0 = Release|Any CPU
		{9654A929-2953-4996-963F-B3A062316F81}.Debug|Any CPU.ActiveCfg = Debug|Any CPU
		{9654A929-2953-4996-963F-B3A062316F81}.Debug|Any CPU.Build.0 = Debug|Any CPU
		{9654A929-2953-4996-963F-B3A062316F81}.Release|Any CPU.ActiveCfg = Release|Any CPU
		{9654A929-2953-4996-963F-B3A062316F81}.Release|Any CPU.Build.0 = Release|Any CPU
	EndGlobalSection
	GlobalSection(SolutionProperties) = preSolution
		HideSolutionNode = FALSE
	EndGlobalSection
	GlobalSection(ExtensibilityGlobals) = postSolution
		SolutionGuid = {7C6F02C0-2887-4924-AB96-8729CAB557FA}
	EndGlobalSection
EndGlobal
